{
  "name": "vue-base-202005",
  "version": "1.0.0",
  "lockfileVersion": 1,
  "requires": true,
  "dependencies": {
    "moment": {
      "version": "2.25.3",
      "resolved": "https://registry.npm.taobao.org/moment/download/moment-2.25.3.tgz?cache=0&sync_timestamp=1588605206503&other_urls=https%3A%2F%2Fregistry.npm.taobao.org%2Fmoment%2Fdownload%2Fmoment-2.25.3.tgz",
      "integrity": "sha1-JS/0ExnPQeR3YaGojKsw7f6YCMA="
    },
    "vue": {
      "version": "2.6.11",
      "resolved": "https://registry.npmjs.org/vue/-/vue-2.6.11.tgz",
      "integrity": "sha512-VfPwgcGABbGAue9+sfrD4PuwFar7gPb1yl1UK1MwXoQPAw0BKSqWfoYCT/ThFrdEVWoI51dBuyCoiNU9bZDZxQ=="
    }
  }
}
