{
  "requires": true,
  "lockfileVersion": 1,
  "dependencies": {
    "@juggle/resize-observer": {
      "version": "3.2.0",
      "resolved": "https://registry.npmjs.org/@juggle/resize-observer/-/resize-observer-3.2.0.tgz",
      "integrity": "sha512-fsLxt0CHx2HCV9EL8lDoVkwHffsA0snUpddYjdLyXcG5E41xaamn9ZyQqOE9TUJdrRlH8/hjIf+UdOdDeKCUgg=="
    },
    "@types/resize-observer-browser": {
      "version": "0.1.3",
      "resolved": "https://registry.npmjs.org/@types/resize-observer-browser/-/resize-observer-browser-0.1.3.tgz",
      "integrity": "sha512-3tGjLIDH8L57fWOfC7NVn/BbGQD7pXwbkk2+8Z4hK/S7kOIv1MUN4nkKjfx0qg4ctkukjzp3Bgr/Z+Hq5ZQZTQ=="
    },
    "core-js": {
      "version": "3.6.5",
      "resolved": "https://registry.npmjs.org/core-js/-/core-js-3.6.5.tgz",
      "integrity": "sha512-vZVEEwZoIsI+vPEuoF9Iqf5H7/M3eeQqWlQnYa8FSKKePuYTf5MWnxb5SDAzCa60b3JBRS5g9b+Dq7b1y/RCrA=="
    },
    "vue": {
      "version": "2.6.11",
      "resolved": "https://registry.npmjs.org/vue/-/vue-2.6.11.tgz",
      "integrity": "sha512-VfPwgcGABbGAue9+sfrD4PuwFar7gPb1yl1UK1MwXoQPAw0BKSqWfoYCT/ThFrdEVWoI51dBuyCoiNU9bZDZxQ=="
    }
  }
}
