{
  "name": "examples",
  "version": "1.0.0",
  "lockfileVersion": 1,
  "requires": true,
  "dependencies": {
    "@babel/helper-validator-identifier": {
      "version": "7.14.8",
      "resolved": "https://registry.nlark.com/@babel/helper-validator-identifier/download/@babel/helper-validator-identifier-7.14.8.tgz?cache=0&sync_timestamp=1626804295454&other_urls=https%3A%2F%2Fregistry.nlark.com%2F%40babel%2Fhelper-validator-identifier%2Fdownload%2F%40babel%2Fhelper-validator-identifier-7.14.8.tgz",
      "integrity": "sha1-Mr4zp1bynieKDWRPoIosng+Io0w="
    },
    "@babel/parser": {
      "version": "7.14.8",
      "resolved": "https://registry.nlark.com/@babel/parser/download/@babel/parser-7.14.8.tgz?cache=0&sync_timestamp=1626804296053&other_urls=https%3A%2F%2Fregistry.nlark.com%2F%40babel%2Fparser%2Fdownload%2F%40babel%2Fparser-7.14.8.tgz",
      "integrity": "sha1-Zv1BZmste4QL1azn90FtWsYCCNQ="
    },
    "@babel/types": {
      "version": "7.14.8",
      "resolved": "https://registry.nlark.com/@babel/types/download/@babel/types-7.14.8.tgz",
      "integrity": "sha1-OBCd6PytwGQV+9m3TfAGXU1Bxyg=",
      "requires": {
        "@babel/helper-validator-identifier": "^7.14.8",
        "to-fast-properties": "^2.0.0"
      }
    },
    "@vue/compiler-core": {
      "version": "3.1.5",
      "resolved": "https://registry.nlark.com/@vue/compiler-core/download/@vue/compiler-core-3.1.5.tgz?cache=0&sync_timestamp=1626904088974&other_urls=https%3A%2F%2Fregistry.nlark.com%2F%40vue%2Fcompiler-core%2Fdownload%2F%40vue%2Fcompiler-core-3.1.5.tgz",
      "integrity": "sha1-KY+QW2Bl1tgf9jdW+Yxgh2s5PIc=",
      "requires": {
        "@babel/parser": "^7.12.0",
        "@babel/types": "^7.12.0",
        "@vue/shared": "3.1.5",
        "estree-walker": "^2.0.1",
        "source-map": "^0.6.1"
      },
      "dependencies": {
        "source-map": {
          "version": "0.6.1",
          "resolved": "https://registry.npm.taobao.org/source-map/download/source-map-0.6.1.tgz",
          "integrity": "sha1-dHIq8y6WFOnCh6jQu95IteLxomM="
        }
      }
    },
    "@vue/compiler-dom": {
      "version": "3.1.5",
      "resolved": "https://registry.nlark.com/@vue/compiler-dom/download/@vue/compiler-dom-3.1.5.tgz?cache=0&sync_timestamp=1626904089044&other_urls=https%3A%2F%2Fregistry.nlark.com%2F%40vue%2Fcompiler-dom%2Fdownload%2F%40vue%2Fcompiler-dom-3.1.5.tgz",
      "integrity": "sha1-y7lwIMYqX6o/vCqXkWvZgEGsmFY=",
      "requires": {
        "@vue/compiler-core": "3.1.5",
        "@vue/shared": "3.1.5"
      }
    },
    "@vue/reactivity": {
      "version": "3.1.5",
      "resolved": "https://registry.nlark.com/@vue/reactivity/download/@vue/reactivity-3.1.5.tgz?cache=0&sync_timestamp=1626904089340&other_urls=https%3A%2F%2Fregistry.nlark.com%2F%40vue%2Freactivity%2Fdownload%2F%40vue%2Freactivity-3.1.5.tgz",
      "integrity": "sha1-2+xNlVf3yPJcJjXbHiOninKeuZE=",
      "requires": {
        "@vue/shared": "3.1.5"
      }
    },
    "@vue/runtime-core": {
      "version": "3.1.5",
      "resolved": "https://registry.nlark.com/@vue/runtime-core/download/@vue/runtime-core-3.1.5.tgz?cache=0&sync_timestamp=1626904089368&other_urls=https%3A%2F%2Fregistry.nlark.com%2F%40vue%2Fruntime-core%2Fdownload%2F%40vue%2Fruntime-core-3.1.5.tgz",
      "integrity": "sha1-pUW38UYJKSnLXoM+hUORUPF6yHs=",
      "requires": {
        "@vue/reactivity": "3.1.5",
        "@vue/shared": "3.1.5"
      }
    },
    "@vue/runtime-dom": {
      "version": "3.1.5",
      "resolved": "https://registry.nlark.com/@vue/runtime-dom/download/@vue/runtime-dom-3.1.5.tgz?cache=0&sync_timestamp=1626904089589&other_urls=https%3A%2F%2Fregistry.nlark.com%2F%40vue%2Fruntime-dom%2Fdownload%2F%40vue%2Fruntime-dom-3.1.5.tgz",
      "integrity": "sha1-T6KJR9QIqjaPoX6g7cG+ua8UcqE=",
      "requires": {
        "@vue/runtime-core": "3.1.5",
        "@vue/shared": "3.1.5",
        "csstype": "^2.6.8"
      }
    },
    "@vue/shared": {
      "version": "3.1.5",
      "resolved": "https://registry.nlark.com/@vue/shared/download/@vue/shared-3.1.5.tgz",
      "integrity": "sha1-dO46rZldCjmWpruVM9TSgFFO3gM="
    },
    "csstype": {
      "version": "2.6.17",
      "resolved": "https://registry.nlark.com/csstype/download/csstype-2.6.17.tgz?cache=0&sync_timestamp=1618818393132&other_urls=https%3A%2F%2Fregistry.nlark.com%2Fcsstype%2Fdownload%2Fcsstype-2.6.17.tgz",
      "integrity": "sha1-TPMOuH4dGgBdi2UQ+VKSQT9qHA4="
    },
    "estree-walker": {
      "version": "2.0.2",
      "resolved": "https://registry.npm.taobao.org/estree-walker/download/estree-walker-2.0.2.tgz",
      "integrity": "sha1-UvAQF4wqTBF6d1fP6UKtt9LaTKw="
    },
    "to-fast-properties": {
      "version": "2.0.0",
      "resolved": "https://registry.npm.taobao.org/to-fast-properties/download/to-fast-properties-2.0.0.tgz",
      "integrity": "sha1-3F5pjL0HkmW8c+A3doGk5Og/YW4="
    },
    "vue": {
      "version": "3.1.5",
      "resolved": "https://registry.nlark.com/vue/download/vue-3.1.5.tgz",
      "integrity": "sha1-EoebEdBoXuRHjIhpVReZYwpS+f4=",
      "requires": {
        "@vue/compiler-dom": "3.1.5",
        "@vue/runtime-dom": "3.1.5",
        "@vue/shared": "3.1.5"
      }
    }
  }
}
