# THIS IS AN AUTOGENERATED FILE. DO NOT EDIT THIS FILE DIRECTLY.
# yarn lockfile v1


"@vue/reactivity@^3.1.5":
  version "3.1.5"
  resolved "https://registry.nlark.com/@vue/reactivity/download/@vue/reactivity-3.1.5.tgz#dbec4d9557f7c8f25c2635db1e23a78a729eb991"
  integrity sha1-2+xNlVf3yPJcJjXbHiOninKeuZE=
  dependencies:
    "@vue/shared" "3.1.5"

"@vue/shared@3.1.5":
  version "3.1.5"
  resolved "https://registry.nlark.com/@vue/shared/download/@vue/shared-3.1.5.tgz#74ee3aad995d0a3996a6bb9533d4d280514ede03"
  integrity sha1-dO46rZldCjmWpruVM9TSgFFO3gM=
