{
  "name": "5.buffer-fs",
  "version": "1.0.0",
  "lockfileVersion": 2,
  "requires": true,
  "packages": {
    "": {
      "version": "1.0.0",
      "license": "ISC",
      "dependencies": {
        "@types/node": "^14.14.41"
      }
    },
    "node_modules/@types/node": {
      "version": "14.14.41",
      "resolved": "https://r.cnpmjs.org/@types/node/download/@types/node-14.14.41.tgz",
      "integrity": "sha1-0Lk52Uwde9U9BIJK9F8RObjEVhU="
    }
  },
  "dependencies": {
    "@types/node": {
      "version": "14.14.41",
      "resolved": "https://r.cnpmjs.org/@types/node/download/@types/node-14.14.41.tgz",
      "integrity": "sha1-0Lk52Uwde9U9BIJK9F8RObjEVhU="
    }
  }
}
